
Microsoft Visual Studio Solution File, Format Version 12.00
# Visual Studio Version 17
VisualStudioVersion = 17.11.35327.3
MinimumVisualStudioVersion = 10.0.40219.1
Project("{8BC9CEB8-8B4A-11D0-8D11-00A0C91BC942}") = "Sandbox", "Sandbox\Sandbox.vcxproj", "{D45041DA-BC9C-431F-8CB5-FF9554D7E56E}"
EndProject
Project("{8BC9CEB8-8B4A-11D0-8D11-00A0C91BC942}") = "Hazel", "Hazel\Hazel.vcxproj", "{FC184F15-2005-4B33-8423-0FB8A54DCC22}"
EndProject
Global
	GlobalSection(SolutionConfigurationPlatforms) = preSolution
		Debug|x64 = Debug|x64
		Release|x64 = Release|x64
	EndGlobalSection
	GlobalSection(ProjectConfigurationPlatforms) = postSolution
		{D45041DA-BC9C-431F-8CB5-FF9554D7E56E}.Debug|x64.ActiveCfg = Debug|x64
		{D45041DA-BC9C-431F-8CB5-FF9554D7E56E}.Debug|x64.Build.0 = Debug|x64
		{D45041DA-BC9C-431F-8CB5-FF9554D7E56E}.Release|x64.ActiveCfg = Release|x64
		{D45041DA-BC9C-431F-8CB5-FF9554D7E56E}.Release|x64.Build.0 = Release|x64
		{FC184F15-2005-4B33-8423-0FB8A54DCC22}.Debug|x64.ActiveCfg = Debug|x64
		{FC184F15-2005-4B33-8423-0FB8A54DCC22}.Debug|x64.Build.0 = Debug|x64
		{FC184F15-2005-4B33-8423-0FB8A54DCC22}.Release|x64.ActiveCfg = Release|x64
		{FC184F15-2005-4B33-8423-0FB8A54DCC22}.Release|x64.Build.0 = Release|x64
	EndGlobalSection
	GlobalSection(SolutionProperties) = preSolution
		HideSolutionNode = FALSE
	EndGlobalSection
	GlobalSection(ExtensibilityGlobals) = postSolution
		SolutionGuid = {51218A0C-D0F3-457F-9D12-3D01DF5455EC}
	EndGlobalSection
EndGlobal
